
Microsoft Visual Studio Solution File, Format Version 12.00
# Visual Studio Version 17
VisualStudioVersion = 17.4.33110.190
MinimumVisualStudioVersion = 10.0.40219.1
Project("{FAE04EC0-301F-11D3-BF4B-00C04F79EFBC}") = "SingleResponsibility", "SingleResponsibility\SingleResponsibility.csproj", "{D775F3A7-22B0-4EF6-AA92-D98074D999D3}"
EndProject
Project("{FAE04EC0-301F-11D3-BF4B-00C04F79EFBC}") = "OpenClosed", "OpenClosed\OpenClosed.csproj", "{CAA8C689-F1F0-40A8-BE85-5CA0A8814D19}"
EndProject
Project("{FAE04EC0-301F-11D3-BF4B-00C04F79EFBC}") = "LiskovSubstitution", "LiskovSubstitution\LiskovSubstitution.csproj", "{1EE84FF7-CA25-4C19-AE65-FC9CB1CF61E7}"
EndProject
Project("{FAE04EC0-301F-11D3-BF4B-00C04F79EFBC}") = "InterfaceSegregation", "InterfaceSegregation\InterfaceSegregation.csproj", "{EE0449FB-DC13-4B31-B8D8-306B75366538}"
EndProject
Project("{FAE04EC0-301F-11D3-BF4B-00C04F79EFBC}") = "DependencyInversion", "DependencyInversion\DependencyInversion.csproj", "{D0DDE376-EE76-4A7F-BC57-0946BEEEE61E}"
EndProject
Global
	GlobalSection(SolutionConfigurationPlatforms) = preSolution
		Debug|Any CPU = Debug|Any CPU
		Release|Any CPU = Release|Any CPU
	EndGlobalSection
	GlobalSection(ProjectConfigurationPlatforms) = postSolution
		{D775F3A7-22B0-4EF6-AA92-D98074D999D3}.Debug|Any CPU.ActiveCfg = Debug|Any CPU
		{D775F3A7-22B0-4EF6-AA92-D98074D999D3}.Debug|Any CPU.Build.0 = Debug|Any CPU
		{D775F3A7-22B0-4EF6-AA92-D98074D999D3}.Release|Any CPU.ActiveCfg = Release|Any CPU
		{D775F3A7-22B0-4EF6-AA92-D98074D999D3}.Release|Any CPU.Build.0 = Release|Any CPU
		{CAA8C689-F1F0-40A8-BE85-5CA0A8814D19}.Debug|Any CPU.ActiveCfg = Debug|Any CPU
		{CAA8C689-F1F0-40A8-BE85-5CA0A8814D19}.Debug|Any CPU.Build.0 = Debug|Any CPU
		{CAA8C689-F1F0-40A8-BE85-5CA0A8814D19}.Release|Any CPU.ActiveCfg = Release|Any CPU
		{CAA8C689-F1F0-40A8-BE85-5CA0A8814D19}.Release|Any CPU.Build.0 = Release|Any CPU
		{1EE84FF7-CA25-4C19-AE65-FC9CB1CF61E7}.Debug|Any CPU.ActiveCfg = Debug|Any CPU
		{1EE84FF7-CA25-4C19-AE65-FC9CB1CF61E7}.Debug|Any CPU.Build.0 = Debug|Any CPU
		{1EE84FF7-CA25-4C19-AE65-FC9CB1CF61E7}.Release|Any CPU.ActiveCfg = Release|Any CPU
		{1EE84FF7-CA25-4C19-AE65-FC9CB1CF61E7}.Release|Any CPU.Build.0 = Release|Any CPU
		{EE0449FB-DC13-4B31-B8D8-306B75366538}.Debug|Any CPU.ActiveCfg = Debug|Any CPU
		{EE0449FB-DC13-4B31-B8D8-306B75366538}.Debug|Any CPU.Build.0 = Debug|Any CPU
		{EE0449FB-DC13-4B31-B8D8-306B75366538}.Release|Any CPU.ActiveCfg = Release|Any CPU
		{EE0449FB-DC13-4B31-B8D8-306B75366538}.Release|Any CPU.Build.0 = Release|Any CPU
		{D0DDE376-EE76-4A7F-BC57-0946BEEEE61E}.Debug|Any CPU.ActiveCfg = Debug|Any CPU
		{D0DDE376-EE76-4A7F-BC57-0946BEEEE61E}.Debug|Any CPU.Build.0 = Debug|Any CPU
		{D0DDE376-EE76-4A7F-BC57-0946BEEEE61E}.Release|Any CPU.ActiveCfg = Release|Any CPU
		{D0DDE376-EE76-4A7F-BC57-0946BEEEE61E}.Release|Any CPU.Build.0 = Release|Any CPU
	EndGlobalSection
	GlobalSection(SolutionProperties) = preSolution
		HideSolutionNode = FALSE
	EndGlobalSection
	GlobalSection(ExtensibilityGlobals) = postSolution
		SolutionGuid = {1631470F-5E39-4264-A174-0B9D996AE0CA}
	EndGlobalSection
EndGlobal
