
Microsoft Visual Studio Solution File, Format Version 12.00
# Visual Studio Version 17
VisualStudioVersion = 17.13.35919.96 d17.13
MinimumVisualStudioVersion = 10.0.40219.1
Project("{FAE04EC0-301F-11D3-BF4B-00C04F79EFBC}") = "UnitIntegrationTests", "UnitIntegrationTests\UnitIntegrationTests.csproj", "{28D9BC3B-B67C-459F-900F-033C2D3554A2}"
EndProject
Project("{FAE04EC0-301F-11D3-BF4B-00C04F79EFBC}") = "TreatmentBL", "..\Microservices\TreatmentBS\TreatmentBL\TreatmentBL.csproj", "{1CB3F675-7EB4-D548-0222-E823D9D6AC54}"
EndProject
Project("{FAE04EC0-301F-11D3-BF4B-00C04F79EFBC}") = "TreatmentDal", "..\Microservices\TreatmentBS\TreatmentDal\TreatmentDal.csproj", "{7BF42A31-E67B-4097-02BF-F3004B31831C}"
EndProject
Project("{FAE04EC0-301F-11D3-BF4B-00C04F79EFBC}") = "UnitTreatmentTests", "UnitTreatmentTests\UnitTreatmentTests.csproj", "{50EC06DF-8541-468E-A8CD-7AF0C02BDDE1}"
EndProject
Project("{FAE04EC0-301F-11D3-BF4B-00C04F79EFBC}") = "IntegrationTests", "IntegrationTests\IntegrationTests.csproj", "{BE6A0FE5-FC4F-461A-93FD-358C690BA2E1}"
EndProject
Global
	GlobalSection(SolutionConfigurationPlatforms) = preSolution
		Debug|Any CPU = Debug|Any CPU
		Release|Any CPU = Release|Any CPU
	EndGlobalSection
	GlobalSection(ProjectConfigurationPlatforms) = postSolution
		{28D9BC3B-B67C-459F-900F-033C2D3554A2}.Debug|Any CPU.ActiveCfg = Debug|Any CPU
		{28D9BC3B-B67C-459F-900F-033C2D3554A2}.Debug|Any CPU.Build.0 = Debug|Any CPU
		{28D9BC3B-B67C-459F-900F-033C2D3554A2}.Release|Any CPU.ActiveCfg = Release|Any CPU
		{28D9BC3B-B67C-459F-900F-033C2D3554A2}.Release|Any CPU.Build.0 = Release|Any CPU
		{1CB3F675-7EB4-D548-0222-E823D9D6AC54}.Debug|Any CPU.ActiveCfg = Debug|Any CPU
		{1CB3F675-7EB4-D548-0222-E823D9D6AC54}.Debug|Any CPU.Build.0 = Debug|Any CPU
		{1CB3F675-7EB4-D548-0222-E823D9D6AC54}.Release|Any CPU.ActiveCfg = Release|Any CPU
		{1CB3F675-7EB4-D548-0222-E823D9D6AC54}.Release|Any CPU.Build.0 = Release|Any CPU
		{7BF42A31-E67B-4097-02BF-F3004B31831C}.Debug|Any CPU.ActiveCfg = Debug|Any CPU
		{7BF42A31-E67B-4097-02BF-F3004B31831C}.Debug|Any CPU.Build.0 = Debug|Any CPU
		{7BF42A31-E67B-4097-02BF-F3004B31831C}.Release|Any CPU.ActiveCfg = Release|Any CPU
		{7BF42A31-E67B-4097-02BF-F3004B31831C}.Release|Any CPU.Build.0 = Release|Any CPU
		{50EC06DF-8541-468E-A8CD-7AF0C02BDDE1}.Debug|Any CPU.ActiveCfg = Debug|Any CPU
		{50EC06DF-8541-468E-A8CD-7AF0C02BDDE1}.Debug|Any CPU.Build.0 = Debug|Any CPU
		{50EC06DF-8541-468E-A8CD-7AF0C02BDDE1}.Release|Any CPU.ActiveCfg = Release|Any CPU
		{50EC06DF-8541-468E-A8CD-7AF0C02BDDE1}.Release|Any CPU.Build.0 = Release|Any CPU
		{BE6A0FE5-FC4F-461A-93FD-358C690BA2E1}.Debug|Any CPU.ActiveCfg = Debug|Any CPU
		{BE6A0FE5-FC4F-461A-93FD-358C690BA2E1}.Debug|Any CPU.Build.0 = Debug|Any CPU
		{BE6A0FE5-FC4F-461A-93FD-358C690BA2E1}.Release|Any CPU.ActiveCfg = Release|Any CPU
		{BE6A0FE5-FC4F-461A-93FD-358C690BA2E1}.Release|Any CPU.Build.0 = Release|Any CPU
	EndGlobalSection
	GlobalSection(SolutionProperties) = preSolution
		HideSolutionNode = FALSE
	EndGlobalSection
	GlobalSection(ExtensibilityGlobals) = postSolution
		SolutionGuid = {F54E8EDE-B6FC-4E4E-B26A-23EC37B6E359}
	EndGlobalSection
EndGlobal
