
Microsoft Visual Studio Solution File, Format Version 12.00
# Visual Studio Version 17
VisualStudioVersion = 17.4.33110.190
MinimumVisualStudioVersion = 10.0.40219.1
Project("{FAE04EC0-301F-11D3-BF4B-00C04F79EFBC}") = "EntityFramework", "EntityFramework\EntityFramework.csproj", "{09352C58-5EEC-48E9-9A3C-C8F9767B2DA0}"
EndProject
Project("{FAE04EC0-301F-11D3-BF4B-00C04F79EFBC}") = "DataAccessLayer", "DataAccessLayer\DataAccessLayer.csproj", "{AA2D7B51-2E83-413D-AB46-09281D8FE573}"
EndProject
Project("{FAE04EC0-301F-11D3-BF4B-00C04F79EFBC}") = "BusinessLogicLayer", "BusinessLogicLayer\BusinessLogicLayer.csproj", "{1FAE9FAC-468D-4F55-B9F5-01C8E7864813}"
EndProject
Global
	GlobalSection(SolutionConfigurationPlatforms) = preSolution
		Debug|Any CPU = Debug|Any CPU
		Release|Any CPU = Release|Any CPU
	EndGlobalSection
	GlobalSection(ProjectConfigurationPlatforms) = postSolution
		{09352C58-5EEC-48E9-9A3C-C8F9767B2DA0}.Debug|Any CPU.ActiveCfg = Debug|Any CPU
		{09352C58-5EEC-48E9-9A3C-C8F9767B2DA0}.Debug|Any CPU.Build.0 = Debug|Any CPU
		{09352C58-5EEC-48E9-9A3C-C8F9767B2DA0}.Release|Any CPU.ActiveCfg = Release|Any CPU
		{09352C58-5EEC-48E9-9A3C-C8F9767B2DA0}.Release|Any CPU.Build.0 = Release|Any CPU
		{AA2D7B51-2E83-413D-AB46-09281D8FE573}.Debug|Any CPU.ActiveCfg = Debug|Any CPU
		{AA2D7B51-2E83-413D-AB46-09281D8FE573}.Debug|Any CPU.Build.0 = Debug|Any CPU
		{AA2D7B51-2E83-413D-AB46-09281D8FE573}.Release|Any CPU.ActiveCfg = Release|Any CPU
		{AA2D7B51-2E83-413D-AB46-09281D8FE573}.Release|Any CPU.Build.0 = Release|Any CPU
		{1FAE9FAC-468D-4F55-B9F5-01C8E7864813}.Debug|Any CPU.ActiveCfg = Debug|Any CPU
		{1FAE9FAC-468D-4F55-B9F5-01C8E7864813}.Debug|Any CPU.Build.0 = Debug|Any CPU
		{1FAE9FAC-468D-4F55-B9F5-01C8E7864813}.Release|Any CPU.ActiveCfg = Release|Any CPU
		{1FAE9FAC-468D-4F55-B9F5-01C8E7864813}.Release|Any CPU.Build.0 = Release|Any CPU
	EndGlobalSection
	GlobalSection(SolutionProperties) = preSolution
		HideSolutionNode = FALSE
	EndGlobalSection
	GlobalSection(ExtensibilityGlobals) = postSolution
		SolutionGuid = {5C24A50E-8586-4246-8CE3-94F5B9FEAF24}
	EndGlobalSection
EndGlobal
