
Microsoft Visual Studio Solution File, Format Version 12.00
# Visual Studio Version 17
VisualStudioVersion = 17.4.33110.190
MinimumVisualStudioVersion = 10.0.40219.1
Project("{FAE04EC0-301F-11D3-BF4B-00C04F79EFBC}") = "TreatmentBS", "TreatmentBS\TreatmentBS.csproj", "{F6B6D47A-E0CC-40A4-86E8-F924FF3109BB}"
EndProject
Project("{FAE04EC0-301F-11D3-BF4B-00C04F79EFBC}") = "TreatmentDal", "TreatmentDal\TreatmentDal.csproj", "{EEF19153-7EBB-4D7B-AD58-EC54EFADC437}"
EndProject
Project("{FAE04EC0-301F-11D3-BF4B-00C04F79EFBC}") = "TreatmentBL", "TreatmentBL\TreatmentBL.csproj", "{B1580F31-E453-4C8D-8193-EB11E5CD4AD4}"
EndProject
Global
	GlobalSection(SolutionConfigurationPlatforms) = preSolution
		Debug|Any CPU = Debug|Any CPU
		Release|Any CPU = Release|Any CPU
	EndGlobalSection
	GlobalSection(ProjectConfigurationPlatforms) = postSolution
		{F6B6D47A-E0CC-40A4-86E8-F924FF3109BB}.Debug|Any CPU.ActiveCfg = Debug|Any CPU
		{F6B6D47A-E0CC-40A4-86E8-F924FF3109BB}.Debug|Any CPU.Build.0 = Debug|Any CPU
		{F6B6D47A-E0CC-40A4-86E8-F924FF3109BB}.Release|Any CPU.ActiveCfg = Release|Any CPU
		{F6B6D47A-E0CC-40A4-86E8-F924FF3109BB}.Release|Any CPU.Build.0 = Release|Any CPU
		{EEF19153-7EBB-4D7B-AD58-EC54EFADC437}.Debug|Any CPU.ActiveCfg = Debug|Any CPU
		{EEF19153-7EBB-4D7B-AD58-EC54EFADC437}.Debug|Any CPU.Build.0 = Debug|Any CPU
		{EEF19153-7EBB-4D7B-AD58-EC54EFADC437}.Release|Any CPU.ActiveCfg = Release|Any CPU
		{EEF19153-7EBB-4D7B-AD58-EC54EFADC437}.Release|Any CPU.Build.0 = Release|Any CPU
		{B1580F31-E453-4C8D-8193-EB11E5CD4AD4}.Debug|Any CPU.ActiveCfg = Debug|Any CPU
		{B1580F31-E453-4C8D-8193-EB11E5CD4AD4}.Debug|Any CPU.Build.0 = Debug|Any CPU
		{B1580F31-E453-4C8D-8193-EB11E5CD4AD4}.Release|Any CPU.ActiveCfg = Release|Any CPU
		{B1580F31-E453-4C8D-8193-EB11E5CD4AD4}.Release|Any CPU.Build.0 = Release|Any CPU
	EndGlobalSection
	GlobalSection(SolutionProperties) = preSolution
		HideSolutionNode = FALSE
	EndGlobalSection
	GlobalSection(ExtensibilityGlobals) = postSolution
		SolutionGuid = {674B02A6-E520-4FEE-BFE6-7CB1B9FD5F67}
	EndGlobalSection
EndGlobal
